{
  "version": 4,
  "terraform_version": "1.9.8",
  "serial": 192,
  "lineage": "097346a2-8197-6b92-0e7f-b88718b866c3",
  "outputs": {},
  "resources": [
    {
      "module": "module.bigquery",
      "mode": "managed",
      "type": "google_bigquery_dataset",
      "name": "dataset",
      "provider": "provider[\"registry.terraform.io/hashicorp/google\"]",
      "instances": [
        {
          "schema_version": 0,
          "attributes": {
            "access": [
              {
                "dataset": [],
                "domain": "",
                "group_by_email": "",
                "iam_member": "",
                "role": "OWNER",
                "routine": [],
                "special_group": "",
                "user_by_email": "apratsunrthd@gmail.com",
                "view": []
              },
              {
                "dataset": [],
                "domain": "",
                "group_by_email": "",
                "iam_member": "",
                "role": "OWNER",
                "routine": [],
                "special_group": "projectOwners",
                "user_by_email": "",
                "view": []
              },
              {
                "dataset": [],
                "domain": "",
                "group_by_email": "",
                "iam_member": "",
                "role": "READER",
                "routine": [],
                "special_group": "projectReaders",
                "user_by_email": "",
                "view": []
              },
              {
                "dataset": [],
                "domain": "",
                "group_by_email": "",
                "iam_member": "",
                "role": "WRITER",
                "routine": [],
                "special_group": "projectWriters",
                "user_by_email": "",
                "view": []
              }
            ],
            "creation_time": 1730580875719,
            "dataset_id": "chatt_311_service_requests",
            "default_collation": "",
            "default_encryption_configuration": [],
            "default_partition_expiration_ms": 0,
            "default_table_expiration_ms": 0,
            "delete_contents_on_destroy": false,
            "description": "",
            "effective_labels": {
              "goog-terraform-provisioned": "true"
            },
            "etag": "lFinDrwAoE0JJQpndvESuA==",
            "external_dataset_reference": [],
            "friendly_name": "",
            "id": "projects/lumley-analytics/datasets/chatt_311_service_requests",
            "is_case_insensitive": false,
            "labels": {},
            "last_modified_time": 1730580875719,
            "location": "us-east4",
            "max_time_travel_hours": "168",
            "project": "lumley-analytics",
            "resource_tags": {},
            "self_link": "https://bigquery.googleapis.com/bigquery/v2/projects/lumley-analytics/datasets/chatt_311_service_requests",
            "storage_billing_model": "",
            "terraform_labels": {
              "goog-terraform-provisioned": "true"
            },
            "timeouts": null
          },
          "sensitive_attributes": [],
          "private": "eyJlMmJmYjczMC1lY2FhLTExZTYtOGY4OC0zNDM2M2JjN2M0YzAiOnsiY3JlYXRlIjoxMjAwMDAwMDAwMDAwLCJkZWxldGUiOjEyMDAwMDAwMDAwMDAsInVwZGF0ZSI6MTIwMDAwMDAwMDAwMH19"
        }
      ]
    },
    {
      "module": "module.fetch_from_chattadata_311_to_gcs",
      "mode": "managed",
      "type": "google_artifact_registry_repository",
      "name": "cloud_run_repo",
      "provider": "module.fetch_from_chattadata_311_to_gcs.provider[\"registry.terraform.io/hashicorp/google-beta\"]",
      "instances": [
        {
          "schema_version": 0,
          "attributes": {
            "cleanup_policies": [],
            "cleanup_policy_dry_run": false,
            "create_time": "2024-11-04T16:19:08.666951Z",
            "description": "Artifact Registry for Cloud Run fetch-and-store service",
            "docker_config": [],
            "effective_labels": {
              "goog-terraform-provisioned": "true"
            },
            "format": "DOCKER",
            "id": "projects/lumley-analytics/locations/us-east4/repositories/cloud-run-fetch-store",
            "kms_key_name": "",
            "labels": {},
            "location": "us-east4",
            "maven_config": [],
            "mode": "STANDARD_REPOSITORY",
            "name": "cloud-run-fetch-store",
            "project": "lumley-analytics",
            "remote_repository_config": [],
            "repository_id": "cloud-run-fetch-store",
            "terraform_labels": {
              "goog-terraform-provisioned": "true"
            },
            "timeouts": null,
            "update_time": "2024-11-04T16:19:08.666951Z",
            "virtual_repository_config": []
          },
          "sensitive_attributes": [],
          "private": "eyJlMmJmYjczMC1lY2FhLTExZTYtOGY4OC0zNDM2M2JjN2M0YzAiOnsiY3JlYXRlIjoxMjAwMDAwMDAwMDAwLCJkZWxldGUiOjEyMDAwMDAwMDAwMDAsInVwZGF0ZSI6MTIwMDAwMDAwMDAwMH19"
        }
      ]
    },
    {
      "module": "module.fetch_from_chattadata_311_to_gcs",
      "mode": "managed",
      "type": "google_cloud_run_service",
      "name": "fetch_service",
      "provider": "module.fetch_from_chattadata_311_to_gcs.provider[\"registry.terraform.io/hashicorp/google\"]",
      "instances": [
        {
          "status": "tainted",
          "schema_version": 2,
          "attributes": {
            "autogenerate_revision_name": true,
            "id": "locations/us-east4/namespaces/lumley-analytics/services/fetch-from-api",
            "location": "us-east4",
            "metadata": null,
            "name": "fetch-from-api",
            "project": "lumley-analytics",
            "status": null,
            "template": [
              {
                "metadata": [],
                "spec": [
                  {
                    "container_concurrency": 0,
                    "containers": [
                      {
                        "args": null,
                        "command": null,
                        "env": [
                          {
                            "name": "API_URL",
                            "value": "https://www.chattadata.org/resource/8qb9-5fja.json",
                            "value_from": []
                          },
                          {
                            "name": "GCS_BUCKET",
                            "value": "lumley_analytics_seeds",
                            "value_from": []
                          }
                        ],
                        "env_from": [],
                        "image": "gcr.io/lumley-analytics/fetch-data-to-gcs:latest",
                        "liveness_probe": [],
                        "name": "",
                        "ports": [],
                        "resources": [],
                        "startup_probe": [],
                        "volume_mounts": [],
                        "working_dir": ""
                      }
                    ],
                    "service_account_name": "",
                    "serving_state": "",
                    "timeout_seconds": 0,
                    "volumes": []
                  }
                ]
              }
            ],
            "timeouts": null,
            "traffic": [
              {
                "latest_revision": true,
                "percent": 100,
                "revision_name": "",
                "tag": "",
                "url": ""
              }
            ]
          },
          "sensitive_attributes": [],
          "private": "eyJlMmJmYjczMC1lY2FhLTExZTYtOGY4OC0zNDM2M2JjN2M0YzAiOnsiY3JlYXRlIjoxMjAwMDAwMDAwMDAwLCJkZWxldGUiOjEyMDAwMDAwMDAwMDAsInVwZGF0ZSI6MTIwMDAwMDAwMDAwMH0sInNjaGVtYV92ZXJzaW9uIjoiMiJ9"
        }
      ]
    },
    {
      "module": "module.fetch_from_chattadata_311_to_gcs",
      "mode": "managed",
      "type": "google_project_iam_member",
      "name": "fetch_service_account_invoker",
      "provider": "module.fetch_from_chattadata_311_to_gcs.provider[\"registry.terraform.io/hashicorp/google\"]",
      "instances": [
        {
          "schema_version": 0,
          "attributes": {
            "condition": [],
            "etag": "BwYmGMyWnnM=",
            "id": "lumley-analytics/roles/run.invoker/serviceAccount:fetch-service-account@lumley-analytics.iam.gserviceaccount.com",
            "member": "serviceAccount:fetch-service-account@lumley-analytics.iam.gserviceaccount.com",
            "project": "lumley-analytics",
            "role": "roles/run.invoker"
          },
          "sensitive_attributes": [],
          "private": "bnVsbA==",
          "dependencies": [
            "module.fetch_from_chattadata_311_to_gcs.google_service_account.fetch_service_account"
          ]
        }
      ]
    },
    {
      "module": "module.fetch_from_chattadata_311_to_gcs",
      "mode": "managed",
      "type": "google_service_account",
      "name": "fetch_service_account",
      "provider": "module.fetch_from_chattadata_311_to_gcs.provider[\"registry.terraform.io/hashicorp/google\"]",
      "instances": [
        {
          "schema_version": 0,
          "attributes": {
            "account_id": "fetch-service-account",
            "create_ignore_already_exists": null,
            "description": "",
            "disabled": false,
            "display_name": "Fetch Service Account",
            "email": "fetch-service-account@lumley-analytics.iam.gserviceaccount.com",
            "id": "projects/lumley-analytics/serviceAccounts/fetch-service-account@lumley-analytics.iam.gserviceaccount.com",
            "member": "serviceAccount:fetch-service-account@lumley-analytics.iam.gserviceaccount.com",
            "name": "projects/lumley-analytics/serviceAccounts/fetch-service-account@lumley-analytics.iam.gserviceaccount.com",
            "project": "lumley-analytics",
            "timeouts": null,
            "unique_id": "116054530718500429714"
          },
          "sensitive_attributes": [],
          "private": "eyJlMmJmYjczMC1lY2FhLTExZTYtOGY4OC0zNDM2M2JjN2M0YzAiOnsiY3JlYXRlIjozMDAwMDAwMDAwMDB9fQ=="
        }
      ]
    },
    {
      "module": "module.gcs_bucket_lumley-analytics-cloud-run-functions",
      "mode": "managed",
      "type": "google_storage_bucket",
      "name": "bucket",
      "provider": "provider[\"registry.terraform.io/hashicorp/google\"]",
      "instances": [
        {
          "schema_version": 3,
          "attributes": {
            "autoclass": [],
            "cors": [],
            "custom_placement_config": [],
            "default_event_based_hold": false,
            "effective_labels": {
              "goog-terraform-provisioned": "true"
            },
            "enable_object_retention": false,
            "encryption": [],
            "force_destroy": false,
            "hierarchical_namespace": [
              {
                "enabled": false
              }
            ],
            "id": "lumley-analytics-cloud-run-functions",
            "labels": {},
            "lifecycle_rule": [],
            "location": "US-EAST4",
            "logging": [],
            "name": "lumley-analytics-cloud-run-functions",
            "project": "lumley-analytics",
            "project_number": 162045639883,
            "public_access_prevention": "inherited",
            "requester_pays": false,
            "retention_policy": [],
            "rpo": null,
            "self_link": "https://www.googleapis.com/storage/v1/b/lumley-analytics-cloud-run-functions",
            "soft_delete_policy": [
              {
                "effective_time": "2024-11-02T20:54:36.069Z",
                "retention_duration_seconds": 604800
              }
            ],
            "storage_class": "STANDARD",
            "terraform_labels": {
              "goog-terraform-provisioned": "true"
            },
            "timeouts": null,
            "uniform_bucket_level_access": true,
            "url": "gs://lumley-analytics-cloud-run-functions",
            "versioning": [
              {
                "enabled": true
              }
            ],
            "website": []
          },
          "sensitive_attributes": [],
          "private": "eyJlMmJmYjczMC1lY2FhLTExZTYtOGY4OC0zNDM2M2JjN2M0YzAiOnsiY3JlYXRlIjo2MDAwMDAwMDAwMDAsInJlYWQiOjI0MDAwMDAwMDAwMCwidXBkYXRlIjoyNDAwMDAwMDAwMDB9LCJzY2hlbWFfdmVyc2lvbiI6IjMifQ=="
        }
      ]
    },
    {
      "module": "module.gcs_bucket_lumley_analytics_seeds",
      "mode": "managed",
      "type": "google_storage_bucket",
      "name": "bucket",
      "provider": "provider[\"registry.terraform.io/hashicorp/google\"]",
      "instances": [
        {
          "schema_version": 3,
          "attributes": {
            "autoclass": [],
            "cors": [],
            "custom_placement_config": [],
            "default_event_based_hold": false,
            "effective_labels": {
              "goog-terraform-provisioned": "true"
            },
            "enable_object_retention": false,
            "encryption": [],
            "force_destroy": false,
            "hierarchical_namespace": [
              {
                "enabled": false
              }
            ],
            "id": "lumley_analytics_seeds",
            "labels": {},
            "lifecycle_rule": [],
            "location": "US-EAST4",
            "logging": [],
            "name": "lumley_analytics_seeds",
            "project": "lumley-analytics",
            "project_number": 162045639883,
            "public_access_prevention": "inherited",
            "requester_pays": false,
            "retention_policy": [],
            "rpo": null,
            "self_link": "https://www.googleapis.com/storage/v1/b/lumley_analytics_seeds",
            "soft_delete_policy": [
              {
                "effective_time": "2024-11-02T20:54:36.114Z",
                "retention_duration_seconds": 604800
              }
            ],
            "storage_class": "STANDARD",
            "terraform_labels": {
              "goog-terraform-provisioned": "true"
            },
            "timeouts": null,
            "uniform_bucket_level_access": true,
            "url": "gs://lumley_analytics_seeds",
            "versioning": [
              {
                "enabled": true
              }
            ],
            "website": []
          },
          "sensitive_attributes": [],
          "private": "eyJlMmJmYjczMC1lY2FhLTExZTYtOGY4OC0zNDM2M2JjN2M0YzAiOnsiY3JlYXRlIjo2MDAwMDAwMDAwMDAsInJlYWQiOjI0MDAwMDAwMDAwMCwidXBkYXRlIjoyNDAwMDAwMDAwMDB9LCJzY2hlbWFfdmVyc2lvbiI6IjMifQ=="
        }
      ]
    }
  ],
  "check_results": null
}
