{
  "version": 4,
  "terraform_version": "1.9.8",
  "serial": 28,
  "lineage": "097346a2-8197-6b92-0e7f-b88718b866c3",
  "outputs": {
    "service_account_key": {
      "value": "ewogICJ0eXBlIjogInNlcnZpY2VfYWNjb3VudCIsCiAgInByb2plY3RfaWQiOiAibHVtbGV5LWFuYWx5dGljcyIsCiAgInByaXZhdGVfa2V5X2lkIjogIjhlNzlmNDVlNWQxNWE4ZmMzZmY5MmYwZDRlYWNjMWE0Y2E1ZDcwNGYiLAogICJwcml2YXRlX2tleSI6ICItLS0tLUJFR0lOIFBSSVZBVEUgS0VZLS0tLS1cbk1JSUV2UUlCQURBTkJna3Foa2lHOXcwQkFRRUZBQVNDQktjd2dnU2pBZ0VBQW9JQkFRREM0YU1aelNCSXFBaGhcbklsOFlXeXE2ekpDY09YcmVDVzFDa09uQW5rWnF1SjdORWM4SGtkTUplVk1uYldqUkdqQXZGRk8xRm5KY08zNTVcbnlsL2RSM0ZhY2NKRzFEY0hzdjVhNTJaTU5JNnZHeTNmVEc0RUlLNmhHaEp2a0NGcU1zcDlPUkpWWFV0S25kNWZcbkJySHhUTm52Z2p3ekdwamtHbGVYa1N3anhMa3F0N0t5MjQ1WUh2aHFNSWF0OElIbkFpS2dzM3NIUHlLNjBGMWJcbnVDRlg3dWo0U2hlTVR0dTVLb1c0dUhMRlNwWk5zR3RpZDhWZHlYelFacUJpOTBNS0NwTERCS0RlcU9RVnhRWVpcbjZldFB5dXlGOFNRRng3N1ZCVWQ0NStmMFovVEdycU9PT2VsQ3RXaFpMY21SY2REYnNjeWFrWVlBeFlkM0Evb2NcblIwMmpETE5mQWdNQkFBRUNnZ0VBTzBkbFZIRFg5Q0hnd3FNdzUvaTdTNnowQkFGY0JYUTZudmZ6a3ByU2NwNExcbjkvY0YwWmlpNkF2V3BuU2FZSmlsdFh4cVpmZ1krME5CbW94YmtyU3JuMFpoUVNoR1FQcEtjcDVXdUxGNEFYMnpcbisydUZQNDR0Y0dXODIrQ3N1V0FQeGYxNVBTd3V2ZGk5am93N3psbUJKV0NwTFNaWEFYT2QxMFhhZGxyZHRFYzZcbmxlcjhzdS9rditpWGxwVndyRHBJZEJKT2NrN0VCZ0cxc29QcVY2YUhqaUZXRERwdVhyUVNJeG11blVuMTdtdEJcbm5aa2EvM20ra2xqWUo5dzNqRHJ2c3ZwM2ZTNGNrV2h4cTVuV1A3bUZNejZDdENsUXcwUjJVcmUxazNZVGJzNnNcbkZBaGNSZTVRSUNaU2p3NVBsblhpa21QRDF2aHdaY3FTdW5Qcmw0N3V3UUtCZ1FEakZaaGMxblR4VFNaOUJsUG5cblRPbWtRc1BNQ0czQ2xxdmdQYUdWUVBqNkxtV29hMThkZDlHU3hJeVdGcWllUkRPV1pveVRld3RoYkY2L3psL1VcbkVWbEM0VExTZlFRK3BSNVZaSDFXNE9JZnByKzRYU25TUDdrVXZEQ2FqT3YwemRuZ2ZuMmlLcGEzMHZTSWQ1TXZcbjFpb3htaCtjdHE2M0Zqekd4RVpvQTN6YXZ3S0JnUURic2sxL1ZCR0NzU2JDSDc3dE5FbDJsOWU5YSs1dW9TeFFcbkt5Y3hJeUxqbUZNYUZWd2xPejN4NWdqdnFhRS9Oc1BpaFdmclF2VEpWLzRqQTdnWS9ZUFFqckZmOG5CWVdDeTBcbm96OGZPM3N2SnhXMWNFcjBaWFdVVzVTcUYveFVKcXk4V1ZuN3J3M2FjbGJCYVN0RjVrcmpxMnBleUNjaGozOHFcbklzcTNsRnR2WVFLQmdRREl3Q0dYQ1J3TzZtWjVKcXZzRWltR3htTXpyOHZndDdTd282dUNPQk1qa1ByYjNqZ1NcbjVBY0kyZXR6RUFyM0IxSVh4d2JGcG9SVUZ5cllKQWpCZ0tqSm9DNSt1SGlWTFFIWStlSjRlSXhPOE9vU2dZSGtcblZlTTMrbnA1VnRXTjhLR0pmaWx3d0hmSGdKNGZPcDZMTHFqVWV1MHhiS3FlUHZGeHdyaC9ZWDN5SHdLQmdBUXpcblM0SUV0SFVBT0JKOEV1VnNHMzkxOWJ6OFpFbWZNVDZ6SklPdS9VckdyY2dRNG5zZnY5WnhKSGlZa0ttcHZXTUdcblUrOU9qMm1PRWlEUFFHVFI3QVEveGlwa2N6dHRMQ1dqL1YvMmZpdHZudDJpTVB5dE4rdEhPUGRyai9wMzV0T1BcbkRjWmZHVyswd2UzZXVlSVRQaGxPUExGbE9FSlBBUXBvTWVJQ3B5RGhBb0dBWnRQMWJaanN6Vkp6YjdIZ2NCY0JcblNZTVdCMzNXMi9JaUVZYXBuQk9nekFYSFhMRllJSzFabGpKbkhZVHlnVHBPQ2hob1VDQmdORXNYS2FXVk9KakZcbmtETGNsRDBOdGc5WWVucFpxc0hVOWJEbERIMk5XTVIzbGVmZW82VUVON3dOMjJMN0F3OUJ4RlJyeHBsczFlY3NcbjNiQ3ZyMXkyNVIzSERPVy9ZT2Z1VzZnPVxuLS0tLS1FTkQgUFJJVkFURSBLRVktLS0tLVxuIiwKICAiY2xpZW50X2VtYWlsIjogInRlcnJhZm9ybS1hZG1pbi1zYUBsdW1sZXktYW5hbHl0aWNzLmlhbS5nc2VydmljZWFjY291bnQuY29tIiwKICAiY2xpZW50X2lkIjogIjExNjcxNzAwNTY4MzEzODM0MTgwNyIsCiAgImF1dGhfdXJpIjogImh0dHBzOi8vYWNjb3VudHMuZ29vZ2xlLmNvbS9vL29hdXRoMi9hdXRoIiwKICAidG9rZW5fdXJpIjogImh0dHBzOi8vb2F1dGgyLmdvb2dsZWFwaXMuY29tL3Rva2VuIiwKICAiYXV0aF9wcm92aWRlcl94NTA5X2NlcnRfdXJsIjogImh0dHBzOi8vd3d3Lmdvb2dsZWFwaXMuY29tL29hdXRoMi92MS9jZXJ0cyIsCiAgImNsaWVudF94NTA5X2NlcnRfdXJsIjogImh0dHBzOi8vd3d3Lmdvb2dsZWFwaXMuY29tL3JvYm90L3YxL21ldGFkYXRhL3g1MDkvdGVycmFmb3JtLWFkbWluLXNhJTQwbHVtbGV5LWFuYWx5dGljcy5pYW0uZ3NlcnZpY2VhY2NvdW50LmNvbSIsCiAgInVuaXZlcnNlX2RvbWFpbiI6ICJnb29nbGVhcGlzLmNvbSIKfQo=",
      "type": "string",
      "sensitive": true
    }
  },
  "resources": [
    {
      "mode": "data",
      "type": "google_project",
      "name": "project",
      "provider": "provider[\"registry.terraform.io/hashicorp/google\"]",
      "instances": [
        {
          "schema_version": 0,
          "attributes": {
            "auto_create_network": null,
            "billing_account": "018537-182A49-EDE97D",
            "deletion_policy": "PREVENT",
            "effective_labels": {
              "firebase": "enabled"
            },
            "folder_id": null,
            "id": "projects/lumley-analytics",
            "labels": {
              "firebase": "enabled"
            },
            "name": "Lumley Analytics",
            "number": "162045639883",
            "org_id": null,
            "project_id": "lumley-analytics",
            "tags": null,
            "terraform_labels": {
              "firebase": "enabled"
            }
          },
          "sensitive_attributes": []
        }
      ]
    },
    {
      "mode": "managed",
      "type": "google_project_iam_member",
      "name": "composer_gke_service_agent",
      "provider": "provider[\"registry.terraform.io/hashicorp/google\"]",
      "instances": [
        {
          "schema_version": 0,
          "attributes": {
            "condition": [],
            "etag": "BwYl9EKTn9I=",
            "id": "lumley-analytics/roles/composer.ServiceAgentV2Ext/serviceAccount:service-162045639883@cloudcomposer-accounts.iam.gserviceaccount.com",
            "member": "serviceAccount:service-162045639883@cloudcomposer-accounts.iam.gserviceaccount.com",
            "project": "lumley-analytics",
            "role": "roles/composer.ServiceAgentV2Ext"
          },
          "sensitive_attributes": [],
          "private": "bnVsbA==",
          "dependencies": [
            "data.google_project.project"
          ]
        }
      ]
    },
    {
      "mode": "managed",
      "type": "google_project_iam_member",
      "name": "terraform_sa_owner",
      "provider": "provider[\"registry.terraform.io/hashicorp/google\"]",
      "instances": [
        {
          "schema_version": 0,
          "attributes": {
            "condition": [],
            "etag": "BwYl9EM7P3E=",
            "id": "lumley-analytics/roles/owner/serviceAccount:terraform-admin-sa@lumley-analytics.iam.gserviceaccount.com",
            "member": "serviceAccount:terraform-admin-sa@lumley-analytics.iam.gserviceaccount.com",
            "project": "lumley-analytics",
            "role": "roles/owner"
          },
          "sensitive_attributes": [],
          "private": "bnVsbA==",
          "dependencies": [
            "google_service_account.terraform_sa"
          ]
        }
      ]
    },
    {
      "mode": "managed",
      "type": "google_service_account",
      "name": "terraform_sa",
      "provider": "provider[\"registry.terraform.io/hashicorp/google\"]",
      "instances": [
        {
          "schema_version": 0,
          "attributes": {
            "account_id": "terraform-admin-sa",
            "create_ignore_already_exists": null,
            "description": "",
            "disabled": false,
            "display_name": "Terraform Admin Service Account",
            "email": "terraform-admin-sa@lumley-analytics.iam.gserviceaccount.com",
            "id": "projects/lumley-analytics/serviceAccounts/terraform-admin-sa@lumley-analytics.iam.gserviceaccount.com",
            "member": "serviceAccount:terraform-admin-sa@lumley-analytics.iam.gserviceaccount.com",
            "name": "projects/lumley-analytics/serviceAccounts/terraform-admin-sa@lumley-analytics.iam.gserviceaccount.com",
            "project": "lumley-analytics",
            "timeouts": null,
            "unique_id": "116717005683138341807"
          },
          "sensitive_attributes": [],
          "private": "eyJlMmJmYjczMC1lY2FhLTExZTYtOGY4OC0zNDM2M2JjN2M0YzAiOnsiY3JlYXRlIjozMDAwMDAwMDAwMDB9fQ=="
        }
      ]
    },
    {
      "mode": "managed",
      "type": "google_service_account_key",
      "name": "terraform_sa_key",
      "provider": "provider[\"registry.terraform.io/hashicorp/google\"]",
      "instances": [
        {
          "schema_version": 0,
          "attributes": {
            "id": "projects/lumley-analytics/serviceAccounts/terraform-admin-sa@lumley-analytics.iam.gserviceaccount.com/keys/8e79f45e5d15a8fc3ff92f0d4eacc1a4ca5d704f",
            "keepers": null,
            "key_algorithm": "KEY_ALG_RSA_2048",
            "name": "projects/lumley-analytics/serviceAccounts/terraform-admin-sa@lumley-analytics.iam.gserviceaccount.com/keys/8e79f45e5d15a8fc3ff92f0d4eacc1a4ca5d704f",
            "private_key": "ewogICJ0eXBlIjogInNlcnZpY2VfYWNjb3VudCIsCiAgInByb2plY3RfaWQiOiAibHVtbGV5LWFuYWx5dGljcyIsCiAgInByaXZhdGVfa2V5X2lkIjogIjhlNzlmNDVlNWQxNWE4ZmMzZmY5MmYwZDRlYWNjMWE0Y2E1ZDcwNGYiLAogICJwcml2YXRlX2tleSI6ICItLS0tLUJFR0lOIFBSSVZBVEUgS0VZLS0tLS1cbk1JSUV2UUlCQURBTkJna3Foa2lHOXcwQkFRRUZBQVNDQktjd2dnU2pBZ0VBQW9JQkFRREM0YU1aelNCSXFBaGhcbklsOFlXeXE2ekpDY09YcmVDVzFDa09uQW5rWnF1SjdORWM4SGtkTUplVk1uYldqUkdqQXZGRk8xRm5KY08zNTVcbnlsL2RSM0ZhY2NKRzFEY0hzdjVhNTJaTU5JNnZHeTNmVEc0RUlLNmhHaEp2a0NGcU1zcDlPUkpWWFV0S25kNWZcbkJySHhUTm52Z2p3ekdwamtHbGVYa1N3anhMa3F0N0t5MjQ1WUh2aHFNSWF0OElIbkFpS2dzM3NIUHlLNjBGMWJcbnVDRlg3dWo0U2hlTVR0dTVLb1c0dUhMRlNwWk5zR3RpZDhWZHlYelFacUJpOTBNS0NwTERCS0RlcU9RVnhRWVpcbjZldFB5dXlGOFNRRng3N1ZCVWQ0NStmMFovVEdycU9PT2VsQ3RXaFpMY21SY2REYnNjeWFrWVlBeFlkM0Evb2NcblIwMmpETE5mQWdNQkFBRUNnZ0VBTzBkbFZIRFg5Q0hnd3FNdzUvaTdTNnowQkFGY0JYUTZudmZ6a3ByU2NwNExcbjkvY0YwWmlpNkF2V3BuU2FZSmlsdFh4cVpmZ1krME5CbW94YmtyU3JuMFpoUVNoR1FQcEtjcDVXdUxGNEFYMnpcbisydUZQNDR0Y0dXODIrQ3N1V0FQeGYxNVBTd3V2ZGk5am93N3psbUJKV0NwTFNaWEFYT2QxMFhhZGxyZHRFYzZcbmxlcjhzdS9rditpWGxwVndyRHBJZEJKT2NrN0VCZ0cxc29QcVY2YUhqaUZXRERwdVhyUVNJeG11blVuMTdtdEJcbm5aa2EvM20ra2xqWUo5dzNqRHJ2c3ZwM2ZTNGNrV2h4cTVuV1A3bUZNejZDdENsUXcwUjJVcmUxazNZVGJzNnNcbkZBaGNSZTVRSUNaU2p3NVBsblhpa21QRDF2aHdaY3FTdW5Qcmw0N3V3UUtCZ1FEakZaaGMxblR4VFNaOUJsUG5cblRPbWtRc1BNQ0czQ2xxdmdQYUdWUVBqNkxtV29hMThkZDlHU3hJeVdGcWllUkRPV1pveVRld3RoYkY2L3psL1VcbkVWbEM0VExTZlFRK3BSNVZaSDFXNE9JZnByKzRYU25TUDdrVXZEQ2FqT3YwemRuZ2ZuMmlLcGEzMHZTSWQ1TXZcbjFpb3htaCtjdHE2M0Zqekd4RVpvQTN6YXZ3S0JnUURic2sxL1ZCR0NzU2JDSDc3dE5FbDJsOWU5YSs1dW9TeFFcbkt5Y3hJeUxqbUZNYUZWd2xPejN4NWdqdnFhRS9Oc1BpaFdmclF2VEpWLzRqQTdnWS9ZUFFqckZmOG5CWVdDeTBcbm96OGZPM3N2SnhXMWNFcjBaWFdVVzVTcUYveFVKcXk4V1ZuN3J3M2FjbGJCYVN0RjVrcmpxMnBleUNjaGozOHFcbklzcTNsRnR2WVFLQmdRREl3Q0dYQ1J3TzZtWjVKcXZzRWltR3htTXpyOHZndDdTd282dUNPQk1qa1ByYjNqZ1NcbjVBY0kyZXR6RUFyM0IxSVh4d2JGcG9SVUZ5cllKQWpCZ0tqSm9DNSt1SGlWTFFIWStlSjRlSXhPOE9vU2dZSGtcblZlTTMrbnA1VnRXTjhLR0pmaWx3d0hmSGdKNGZPcDZMTHFqVWV1MHhiS3FlUHZGeHdyaC9ZWDN5SHdLQmdBUXpcblM0SUV0SFVBT0JKOEV1VnNHMzkxOWJ6OFpFbWZNVDZ6SklPdS9VckdyY2dRNG5zZnY5WnhKSGlZa0ttcHZXTUdcblUrOU9qMm1PRWlEUFFHVFI3QVEveGlwa2N6dHRMQ1dqL1YvMmZpdHZudDJpTVB5dE4rdEhPUGRyai9wMzV0T1BcbkRjWmZHVyswd2UzZXVlSVRQaGxPUExGbE9FSlBBUXBvTWVJQ3B5RGhBb0dBWnRQMWJaanN6Vkp6YjdIZ2NCY0JcblNZTVdCMzNXMi9JaUVZYXBuQk9nekFYSFhMRllJSzFabGpKbkhZVHlnVHBPQ2hob1VDQmdORXNYS2FXVk9KakZcbmtETGNsRDBOdGc5WWVucFpxc0hVOWJEbERIMk5XTVIzbGVmZW82VUVON3dOMjJMN0F3OUJ4RlJyeHBsczFlY3NcbjNiQ3ZyMXkyNVIzSERPVy9ZT2Z1VzZnPVxuLS0tLS1FTkQgUFJJVkFURSBLRVktLS0tLVxuIiwKICAiY2xpZW50X2VtYWlsIjogInRlcnJhZm9ybS1hZG1pbi1zYUBsdW1sZXktYW5hbHl0aWNzLmlhbS5nc2VydmljZWFjY291bnQuY29tIiwKICAiY2xpZW50X2lkIjogIjExNjcxNzAwNTY4MzEzODM0MTgwNyIsCiAgImF1dGhfdXJpIjogImh0dHBzOi8vYWNjb3VudHMuZ29vZ2xlLmNvbS9vL29hdXRoMi9hdXRoIiwKICAidG9rZW5fdXJpIjogImh0dHBzOi8vb2F1dGgyLmdvb2dsZWFwaXMuY29tL3Rva2VuIiwKICAiYXV0aF9wcm92aWRlcl94NTA5X2NlcnRfdXJsIjogImh0dHBzOi8vd3d3Lmdvb2dsZWFwaXMuY29tL29hdXRoMi92MS9jZXJ0cyIsCiAgImNsaWVudF94NTA5X2NlcnRfdXJsIjogImh0dHBzOi8vd3d3Lmdvb2dsZWFwaXMuY29tL3JvYm90L3YxL21ldGFkYXRhL3g1MDkvdGVycmFmb3JtLWFkbWluLXNhJTQwbHVtbGV5LWFuYWx5dGljcy5pYW0uZ3NlcnZpY2VhY2NvdW50LmNvbSIsCiAgInVuaXZlcnNlX2RvbWFpbiI6ICJnb29nbGVhcGlzLmNvbSIKfQo=",
            "private_key_type": "TYPE_GOOGLE_CREDENTIALS_FILE",
            "public_key": "LS0tLS1CRUdJTiBDRVJUSUZJQ0FURS0tLS0tCk1JSUMvRENDQWVTZ0F3SUJBZ0lJVHVvYmhTdmlpU3d3RFFZSktvWklodmNOQVFFRkJRQXdJREVlTUJ3R0ExVUUKQXd3Vk1URTJOekUzTURBMU5qZ3pNVE00TXpReE9EQTNNQ0FYRFRJME1URXdNakl3TlRRME5sb1lEems1T1RreApNak14TWpNMU9UVTVXakFnTVI0d0hBWURWUVFEREJVeE1UWTNNVGN3TURVMk9ETXhNemd6TkRFNE1EY3dnZ0VpCk1BMEdDU3FHU0liM0RRRUJBUVVBQTRJQkR3QXdnZ0VLQW9JQkFRREM0YU1aelNCSXFBaGhJbDhZV3lxNnpKQ2MKT1hyZUNXMUNrT25BbmtacXVKN05FYzhIa2RNSmVWTW5iV2pSR2pBdkZGTzFGbkpjTzM1NXlsL2RSM0ZhY2NKRwoxRGNIc3Y1YTUyWk1OSTZ2R3kzZlRHNEVJSzZoR2hKdmtDRnFNc3A5T1JKVlhVdEtuZDVmQnJIeFRObnZnand6CkdwamtHbGVYa1N3anhMa3F0N0t5MjQ1WUh2aHFNSWF0OElIbkFpS2dzM3NIUHlLNjBGMWJ1Q0ZYN3VqNFNoZU0KVHR1NUtvVzR1SExGU3BaTnNHdGlkOFZkeVh6UVpxQmk5ME1LQ3BMREJLRGVxT1FWeFFZWjZldFB5dXlGOFNRRgp4NzdWQlVkNDUrZjBaL1RHcnFPT09lbEN0V2haTGNtUmNkRGJzY3lha1lZQXhZZDNBL29jUjAyakRMTmZBZ01CCkFBR2pPREEyTUF3R0ExVWRFd0VCL3dRQ01BQXdEZ1lEVlIwUEFRSC9CQVFEQWdlQU1CWUdBMVVkSlFFQi93UU0KTUFvR0NDc0dBUVVGQndNQ01BMEdDU3FHU0liM0RRRUJCUVVBQTRJQkFRQWxaTlhKYjJKOGRHbjQ2cDEvUzZqMApZajRCK2UzZVFiSktnWnlHSTcwanpLL0k3eGI1a0pyS0NiU1Z6VndjaTMybFlHb3QxZHNKRUNjVGh4RXkxTzBpCmx3K1YrOVFUS2UxVld2Y1NucUhYU0M4V0ZrdXREaWY0S2E2ZzhSQkUxUTZmTDFjZmlMeTJRKzNEK1E5enU1MWMKNkE4N0h2NGkzb2gzOGErbEZmem51b0NubmYrZE1FczVCZHBmODV2aHhpVVRYVUEvd1RQd01qam9jOFJpdlNRTgo5K05BTEhoeTRybXkyaVV2WlJndFV2M21aUkpWcjhBandFd1IxTVZ6cnhHcUZFUmVkVVJQU1dPaDd3akR0R3hrClppbG9KdkdrTzd6SEFFMzZ5eGhpTmErL3NNOEE3QTBBQUJxSS92bGhtMEdkbkRLVi92YXdzOXhiaHZ5TWRudnkKLS0tLS1FTkQgQ0VSVElGSUNBVEUtLS0tLQo=",
            "public_key_data": null,
            "public_key_type": "TYPE_X509_PEM_FILE",
            "service_account_id": "projects/lumley-analytics/serviceAccounts/terraform-admin-sa@lumley-analytics.iam.gserviceaccount.com",
            "valid_after": "2024-11-02T20:54:46Z",
            "valid_before": "9999-12-31T23:59:59Z"
          },
          "sensitive_attributes": [
            [
              {
                "type": "get_attr",
                "value": "private_key"
              }
            ]
          ],
          "private": "bnVsbA==",
          "dependencies": [
            "google_service_account.terraform_sa"
          ]
        }
      ]
    },
    {
      "module": "module.bigquery",
      "mode": "managed",
      "type": "google_bigquery_dataset",
      "name": "dataset",
      "provider": "provider[\"registry.terraform.io/hashicorp/google\"]",
      "instances": [
        {
          "schema_version": 0,
          "attributes": {
            "access": [
              {
                "dataset": [],
                "domain": "",
                "group_by_email": "",
                "iam_member": "",
                "role": "OWNER",
                "routine": [],
                "special_group": "",
                "user_by_email": "apratsunrthd@gmail.com",
                "view": []
              },
              {
                "dataset": [],
                "domain": "",
                "group_by_email": "",
                "iam_member": "",
                "role": "OWNER",
                "routine": [],
                "special_group": "projectOwners",
                "user_by_email": "",
                "view": []
              },
              {
                "dataset": [],
                "domain": "",
                "group_by_email": "",
                "iam_member": "",
                "role": "READER",
                "routine": [],
                "special_group": "projectReaders",
                "user_by_email": "",
                "view": []
              },
              {
                "dataset": [],
                "domain": "",
                "group_by_email": "",
                "iam_member": "",
                "role": "WRITER",
                "routine": [],
                "special_group": "projectWriters",
                "user_by_email": "",
                "view": []
              }
            ],
            "creation_time": 1730580875719,
            "dataset_id": "chatt_311_service_requests",
            "default_collation": "",
            "default_encryption_configuration": [],
            "default_partition_expiration_ms": 0,
            "default_table_expiration_ms": 0,
            "delete_contents_on_destroy": false,
            "description": "",
            "effective_labels": {
              "goog-terraform-provisioned": "true"
            },
            "etag": "lFinDrwAoE0JJQpndvESuA==",
            "external_dataset_reference": [],
            "friendly_name": "",
            "id": "projects/lumley-analytics/datasets/chatt_311_service_requests",
            "is_case_insensitive": false,
            "labels": null,
            "last_modified_time": 1730580875719,
            "location": "us-east4",
            "max_time_travel_hours": "168",
            "project": "lumley-analytics",
            "resource_tags": null,
            "self_link": "https://bigquery.googleapis.com/bigquery/v2/projects/lumley-analytics/datasets/chatt_311_service_requests",
            "storage_billing_model": "",
            "terraform_labels": {
              "goog-terraform-provisioned": "true"
            },
            "timeouts": null
          },
          "sensitive_attributes": [],
          "private": "eyJlMmJmYjczMC1lY2FhLTExZTYtOGY4OC0zNDM2M2JjN2M0YzAiOnsiY3JlYXRlIjoxMjAwMDAwMDAwMDAwLCJkZWxldGUiOjEyMDAwMDAwMDAwMDAsInVwZGF0ZSI6MTIwMDAwMDAwMDAwMH19"
        }
      ]
    },
    {
      "module": "module.gcs_bucket_lumley-analytics-cloud-run-functions",
      "mode": "managed",
      "type": "google_storage_bucket",
      "name": "bucket",
      "provider": "provider[\"registry.terraform.io/hashicorp/google\"]",
      "instances": [
        {
          "schema_version": 3,
          "attributes": {
            "autoclass": [],
            "cors": [],
            "custom_placement_config": [],
            "default_event_based_hold": false,
            "effective_labels": {
              "goog-terraform-provisioned": "true"
            },
            "enable_object_retention": false,
            "encryption": [],
            "force_destroy": false,
            "hierarchical_namespace": [
              {
                "enabled": false
              }
            ],
            "id": "lumley-analytics-cloud-run-functions",
            "labels": null,
            "lifecycle_rule": [],
            "location": "US-EAST4",
            "logging": [],
            "name": "lumley-analytics-cloud-run-functions",
            "project": "lumley-analytics",
            "project_number": 162045639883,
            "public_access_prevention": "inherited",
            "requester_pays": false,
            "retention_policy": [],
            "rpo": null,
            "self_link": "https://www.googleapis.com/storage/v1/b/lumley-analytics-cloud-run-functions",
            "soft_delete_policy": [
              {
                "effective_time": "2024-11-02T20:54:36.069Z",
                "retention_duration_seconds": 604800
              }
            ],
            "storage_class": "STANDARD",
            "terraform_labels": {
              "goog-terraform-provisioned": "true"
            },
            "timeouts": null,
            "uniform_bucket_level_access": true,
            "url": "gs://lumley-analytics-cloud-run-functions",
            "versioning": [
              {
                "enabled": true
              }
            ],
            "website": []
          },
          "sensitive_attributes": [],
          "private": "eyJlMmJmYjczMC1lY2FhLTExZTYtOGY4OC0zNDM2M2JjN2M0YzAiOnsiY3JlYXRlIjo2MDAwMDAwMDAwMDAsInJlYWQiOjI0MDAwMDAwMDAwMCwidXBkYXRlIjoyNDAwMDAwMDAwMDB9LCJzY2hlbWFfdmVyc2lvbiI6IjMifQ=="
        }
      ]
    },
    {
      "module": "module.gcs_bucket_lumley_analytics_seeds",
      "mode": "managed",
      "type": "google_storage_bucket",
      "name": "bucket",
      "provider": "provider[\"registry.terraform.io/hashicorp/google\"]",
      "instances": [
        {
          "schema_version": 3,
          "attributes": {
            "autoclass": [],
            "cors": [],
            "custom_placement_config": [],
            "default_event_based_hold": false,
            "effective_labels": {
              "goog-terraform-provisioned": "true"
            },
            "enable_object_retention": false,
            "encryption": [],
            "force_destroy": false,
            "hierarchical_namespace": [
              {
                "enabled": false
              }
            ],
            "id": "lumley_analytics_seeds",
            "labels": null,
            "lifecycle_rule": [],
            "location": "US-EAST4",
            "logging": [],
            "name": "lumley_analytics_seeds",
            "project": "lumley-analytics",
            "project_number": 162045639883,
            "public_access_prevention": "inherited",
            "requester_pays": false,
            "retention_policy": [],
            "rpo": null,
            "self_link": "https://www.googleapis.com/storage/v1/b/lumley_analytics_seeds",
            "soft_delete_policy": [
              {
                "effective_time": "2024-11-02T20:54:36.114Z",
                "retention_duration_seconds": 604800
              }
            ],
            "storage_class": "STANDARD",
            "terraform_labels": {
              "goog-terraform-provisioned": "true"
            },
            "timeouts": null,
            "uniform_bucket_level_access": true,
            "url": "gs://lumley_analytics_seeds",
            "versioning": [
              {
                "enabled": true
              }
            ],
            "website": []
          },
          "sensitive_attributes": [],
          "private": "eyJlMmJmYjczMC1lY2FhLTExZTYtOGY4OC0zNDM2M2JjN2M0YzAiOnsiY3JlYXRlIjo2MDAwMDAwMDAwMDAsInJlYWQiOjI0MDAwMDAwMDAwMCwidXBkYXRlIjoyNDAwMDAwMDAwMDB9LCJzY2hlbWFfdmVyc2lvbiI6IjMifQ=="
        }
      ]
    },
    {
      "module": "module.permissions",
      "mode": "managed",
      "type": "google_project_iam_member",
      "name": "bigquery_admin",
      "provider": "provider[\"registry.terraform.io/hashicorp/google\"]",
      "instances": [
        {
          "schema_version": 0,
          "attributes": {
            "condition": [],
            "etag": "BwYl9EM7P3E=",
            "id": "lumley-analytics/roles/bigquery.admin/serviceAccount:terraform-admin-sa@lumley-analytics.iam.gserviceaccount.com",
            "member": "serviceAccount:terraform-admin-sa@lumley-analytics.iam.gserviceaccount.com",
            "project": "lumley-analytics",
            "role": "roles/bigquery.admin"
          },
          "sensitive_attributes": [],
          "private": "bnVsbA==",
          "dependencies": [
            "google_service_account.terraform_sa"
          ]
        }
      ]
    },
    {
      "module": "module.permissions",
      "mode": "managed",
      "type": "google_project_iam_member",
      "name": "composer_admin",
      "provider": "provider[\"registry.terraform.io/hashicorp/google\"]",
      "instances": [
        {
          "schema_version": 0,
          "attributes": {
            "condition": [],
            "etag": "BwYl9EM7P3E=",
            "id": "lumley-analytics/roles/composer.admin/serviceAccount:terraform-admin-sa@lumley-analytics.iam.gserviceaccount.com",
            "member": "serviceAccount:terraform-admin-sa@lumley-analytics.iam.gserviceaccount.com",
            "project": "lumley-analytics",
            "role": "roles/composer.admin"
          },
          "sensitive_attributes": [],
          "private": "bnVsbA==",
          "dependencies": [
            "google_service_account.terraform_sa"
          ]
        }
      ]
    },
    {
      "module": "module.permissions",
      "mode": "managed",
      "type": "google_project_iam_member",
      "name": "storage_admin",
      "provider": "provider[\"registry.terraform.io/hashicorp/google\"]",
      "instances": [
        {
          "schema_version": 0,
          "attributes": {
            "condition": [],
            "etag": "BwYl9EM7P3E=",
            "id": "lumley-analytics/roles/storage.admin/serviceAccount:terraform-admin-sa@lumley-analytics.iam.gserviceaccount.com",
            "member": "serviceAccount:terraform-admin-sa@lumley-analytics.iam.gserviceaccount.com",
            "project": "lumley-analytics",
            "role": "roles/storage.admin"
          },
          "sensitive_attributes": [],
          "private": "bnVsbA==",
          "dependencies": [
            "google_service_account.terraform_sa"
          ]
        }
      ]
    }
  ],
  "check_results": null
}
