{
  "version": 4,
  "terraform_version": "1.9.8",
  "serial": 201,
  "lineage": "097346a2-8197-6b92-0e7f-b88718b866c3",
  "outputs": {},
  "resources": [
    {
      "module": "module.bigquery",
      "mode": "managed",
      "type": "google_bigquery_dataset",
      "name": "dataset",
      "provider": "provider[\"registry.terraform.io/hashicorp/google\"]",
      "instances": [
        {
          "schema_version": 0,
          "attributes": {
            "access": [
              {
                "dataset": [],
                "domain": "",
                "group_by_email": "",
                "iam_member": "",
                "role": "OWNER",
                "routine": [],
                "special_group": "",
                "user_by_email": "apratsunrthd@gmail.com",
                "view": []
              },
              {
                "dataset": [],
                "domain": "",
                "group_by_email": "",
                "iam_member": "",
                "role": "OWNER",
                "routine": [],
                "special_group": "projectOwners",
                "user_by_email": "",
                "view": []
              },
              {
                "dataset": [],
                "domain": "",
                "group_by_email": "",
                "iam_member": "",
                "role": "READER",
                "routine": [],
                "special_group": "projectReaders",
                "user_by_email": "",
                "view": []
              },
              {
                "dataset": [],
                "domain": "",
                "group_by_email": "",
                "iam_member": "",
                "role": "WRITER",
                "routine": [],
                "special_group": "projectWriters",
                "user_by_email": "",
                "view": []
              }
            ],
            "creation_time": 1730580875719,
            "dataset_id": "chatt_311_service_requests",
            "default_collation": "",
            "default_encryption_configuration": [],
            "default_partition_expiration_ms": 0,
            "default_table_expiration_ms": 0,
            "delete_contents_on_destroy": false,
            "description": "",
            "effective_labels": {
              "goog-terraform-provisioned": "true"
            },
            "etag": "lFinDrwAoE0JJQpndvESuA==",
            "external_dataset_reference": [],
            "friendly_name": "",
            "id": "projects/lumley-analytics/datasets/chatt_311_service_requests",
            "is_case_insensitive": false,
            "labels": {},
            "last_modified_time": 1730580875719,
            "location": "us-east4",
            "max_time_travel_hours": "168",
            "project": "lumley-analytics",
            "resource_tags": {},
            "self_link": "https://bigquery.googleapis.com/bigquery/v2/projects/lumley-analytics/datasets/chatt_311_service_requests",
            "storage_billing_model": "",
            "terraform_labels": {
              "goog-terraform-provisioned": "true"
            },
            "timeouts": null
          },
          "sensitive_attributes": [],
          "private": "eyJlMmJmYjczMC1lY2FhLTExZTYtOGY4OC0zNDM2M2JjN2M0YzAiOnsiY3JlYXRlIjoxMjAwMDAwMDAwMDAwLCJkZWxldGUiOjEyMDAwMDAwMDAwMDAsInVwZGF0ZSI6MTIwMDAwMDAwMDAwMH19"
        }
      ]
    },
    {
      "module": "module.fetch_from_chattadata_311_to_gcs",
      "mode": "managed",
      "type": "google_artifact_registry_repository",
      "name": "cloud_run_repo",
      "provider": "module.fetch_from_chattadata_311_to_gcs.provider[\"registry.terraform.io/hashicorp/google-beta\"]",
      "instances": [
        {
          "schema_version": 0,
          "attributes": {
            "cleanup_policies": [],
            "cleanup_policy_dry_run": false,
            "create_time": "2024-11-04T16:19:08.666951Z",
            "description": "Artifact Registry for Cloud Run fetch-and-store service",
            "docker_config": [],
            "effective_labels": {
              "goog-terraform-provisioned": "true"
            },
            "format": "DOCKER",
            "id": "projects/lumley-analytics/locations/us-east4/repositories/cloud-run-fetch-store",
            "kms_key_name": "",
            "labels": {},
            "location": "us-east4",
            "maven_config": [],
            "mode": "STANDARD_REPOSITORY",
            "name": "cloud-run-fetch-store",
            "project": "lumley-analytics",
            "remote_repository_config": [],
            "repository_id": "cloud-run-fetch-store",
            "terraform_labels": {
              "goog-terraform-provisioned": "true"
            },
            "timeouts": null,
            "update_time": "2024-11-04T16:19:08.666951Z",
            "virtual_repository_config": []
          },
          "sensitive_attributes": [],
          "private": "eyJlMmJmYjczMC1lY2FhLTExZTYtOGY4OC0zNDM2M2JjN2M0YzAiOnsiY3JlYXRlIjoxMjAwMDAwMDAwMDAwLCJkZWxldGUiOjEyMDAwMDAwMDAwMDAsInVwZGF0ZSI6MTIwMDAwMDAwMDAwMH19"
        }
      ]
    },
    {
      "module": "module.fetch_from_chattadata_311_to_gcs",
      "mode": "managed",
      "type": "google_cloud_run_service",
      "name": "fetch_service",
      "provider": "module.fetch_from_chattadata_311_to_gcs.provider[\"registry.terraform.io/hashicorp/google\"]",
      "instances": [
        {
          "status": "tainted",
          "schema_version": 2,
          "attributes": {
            "autogenerate_revision_name": true,
            "id": "locations/us-east4/namespaces/lumley-analytics/services/fetch-from-api",
            "location": "us-east4",
            "metadata": null,
            "name": "fetch-from-api",
            "project": "lumley-analytics",
            "status": null,
            "template": [
              {
                "metadata": [],
                "spec": [
                  {
                    "container_concurrency": 0,
                    "containers": [
                      {
                        "args": null,
                        "command": null,
                        "env": [
                          {
                            "name": "API_URL",
                            "value": "https://www.chattadata.org/resource/8qb9-5fja.json",
                            "value_from": []
                          },
                          {
                            "name": "GCS_BUCKET",
                            "value": "lumley_analytics_seeds",
                            "value_from": []
                          }
                        ],
                        "env_from": [],
                        "image": "gcr.io/lumley-analytics/fetch-data-to-gcs:latest",
                        "liveness_probe": [],
                        "name": "",
                        "ports": [],
                        "resources": [],
                        "startup_probe": [],
                        "volume_mounts": [],
                        "working_dir": ""
                      }
                    ],
                    "service_account_name": "",
                    "serving_state": "",
                    "timeout_seconds": 0,
                    "volumes": []
                  }
                ]
              }
            ],
            "timeouts": null,
            "traffic": [
              {
                "latest_revision": true,
                "percent": 100,
                "revision_name": "",
                "tag": "",
                "url": ""
              }
            ]
          },
          "sensitive_attributes": [],
          "private": "eyJlMmJmYjczMC1lY2FhLTExZTYtOGY4OC0zNDM2M2JjN2M0YzAiOnsiY3JlYXRlIjoxMjAwMDAwMDAwMDAwLCJkZWxldGUiOjEyMDAwMDAwMDAwMDAsInVwZGF0ZSI6MTIwMDAwMDAwMDAwMH0sInNjaGVtYV92ZXJzaW9uIjoiMiJ9"
        }
      ]
    },
    {
      "module": "module.fetch_from_chattadata_311_to_gcs",
      "mode": "managed",
      "type": "google_project_iam_member",
      "name": "fetch_service_account_invoker",
      "provider": "module.fetch_from_chattadata_311_to_gcs.provider[\"registry.terraform.io/hashicorp/google\"]",
      "instances": [
        {
          "schema_version": 0,
          "attributes": {
            "condition": [],
            "etag": "BwYmGMyWnnM=",
            "id": "lumley-analytics/roles/run.invoker/serviceAccount:fetch-service-account@lumley-analytics.iam.gserviceaccount.com",
            "member": "serviceAccount:fetch-service-account@lumley-analytics.iam.gserviceaccount.com",
            "project": "lumley-analytics",
            "role": "roles/run.invoker"
          },
          "sensitive_attributes": [],
          "private": "bnVsbA==",
          "dependencies": [
            "module.fetch_from_chattadata_311_to_gcs.google_service_account.fetch_service_account"
          ]
        }
      ]
    },
    {
      "module": "module.fetch_from_chattadata_311_to_gcs",
      "mode": "managed",
      "type": "google_service_account",
      "name": "fetch_service_account",
      "provider": "module.fetch_from_chattadata_311_to_gcs.provider[\"registry.terraform.io/hashicorp/google\"]",
      "instances": [
        {
          "schema_version": 0,
          "attributes": {
            "account_id": "fetch-service-account",
            "create_ignore_already_exists": null,
            "description": "",
            "disabled": false,
            "display_name": "Fetch Service Account",
            "email": "fetch-service-account@lumley-analytics.iam.gserviceaccount.com",
            "id": "projects/lumley-analytics/serviceAccounts/fetch-service-account@lumley-analytics.iam.gserviceaccount.com",
            "member": "serviceAccount:fetch-service-account@lumley-analytics.iam.gserviceaccount.com",
            "name": "projects/lumley-analytics/serviceAccounts/fetch-service-account@lumley-analytics.iam.gserviceaccount.com",
            "project": "lumley-analytics",
            "timeouts": null,
            "unique_id": "116054530718500429714"
          },
          "sensitive_attributes": [],
          "private": "eyJlMmJmYjczMC1lY2FhLTExZTYtOGY4OC0zNDM2M2JjN2M0YzAiOnsiY3JlYXRlIjozMDAwMDAwMDAwMDB9fQ=="
        }
      ]
    },
    {
      "module": "module.gcs_bucket_lumley-analytics-cloud-run-functions",
      "mode": "managed",
      "type": "google_storage_bucket",
      "name": "bucket",
      "provider": "provider[\"registry.terraform.io/hashicorp/google\"]",
      "instances": [
        {
          "schema_version": 3,
          "attributes": {
            "autoclass": [],
            "cors": [],
            "custom_placement_config": [],
            "default_event_based_hold": false,
            "effective_labels": {
              "goog-terraform-provisioned": "true"
            },
            "enable_object_retention": false,
            "encryption": [],
            "force_destroy": false,
            "hierarchical_namespace": [
              {
                "enabled": false
              }
            ],
            "id": "lumley-analytics-cloud-run-functions",
            "labels": {},
            "lifecycle_rule": [],
            "location": "US-EAST4",
            "logging": [],
            "name": "lumley-analytics-cloud-run-functions",
            "project": "lumley-analytics",
            "project_number": 162045639883,
            "public_access_prevention": "inherited",
            "requester_pays": false,
            "retention_policy": [],
            "rpo": null,
            "self_link": "https://www.googleapis.com/storage/v1/b/lumley-analytics-cloud-run-functions",
            "soft_delete_policy": [
              {
                "effective_time": "2024-11-02T20:54:36.069Z",
                "retention_duration_seconds": 604800
              }
            ],
            "storage_class": "STANDARD",
            "terraform_labels": {
              "goog-terraform-provisioned": "true"
            },
            "timeouts": null,
            "uniform_bucket_level_access": true,
            "url": "gs://lumley-analytics-cloud-run-functions",
            "versioning": [
              {
                "enabled": true
              }
            ],
            "website": []
          },
          "sensitive_attributes": [],
          "private": "eyJlMmJmYjczMC1lY2FhLTExZTYtOGY4OC0zNDM2M2JjN2M0YzAiOnsiY3JlYXRlIjo2MDAwMDAwMDAwMDAsInJlYWQiOjI0MDAwMDAwMDAwMCwidXBkYXRlIjoyNDAwMDAwMDAwMDB9LCJzY2hlbWFfdmVyc2lvbiI6IjMifQ=="
        }
      ]
    },
    {
      "module": "module.gcs_bucket_lumley_analytics_seeds",
      "mode": "managed",
      "type": "google_storage_bucket",
      "name": "bucket",
      "provider": "provider[\"registry.terraform.io/hashicorp/google\"]",
      "instances": [
        {
          "schema_version": 3,
          "attributes": {
            "autoclass": [],
            "cors": [],
            "custom_placement_config": [],
            "default_event_based_hold": false,
            "effective_labels": {
              "goog-terraform-provisioned": "true"
            },
            "enable_object_retention": false,
            "encryption": [],
            "force_destroy": false,
            "hierarchical_namespace": [
              {
                "enabled": false
              }
            ],
            "id": "lumley_analytics_seeds",
            "labels": {},
            "lifecycle_rule": [],
            "location": "US-EAST4",
            "logging": [],
            "name": "lumley_analytics_seeds",
            "project": "lumley-analytics",
            "project_number": 162045639883,
            "public_access_prevention": "inherited",
            "requester_pays": false,
            "retention_policy": [],
            "rpo": null,
            "self_link": "https://www.googleapis.com/storage/v1/b/lumley_analytics_seeds",
            "soft_delete_policy": [
              {
                "effective_time": "2024-11-02T20:54:36.114Z",
                "retention_duration_seconds": 604800
              }
            ],
            "storage_class": "STANDARD",
            "terraform_labels": {
              "goog-terraform-provisioned": "true"
            },
            "timeouts": null,
            "uniform_bucket_level_access": true,
            "url": "gs://lumley_analytics_seeds",
            "versioning": [
              {
                "enabled": true
              }
            ],
            "website": []
          },
          "sensitive_attributes": [],
          "private": "eyJlMmJmYjczMC1lY2FhLTExZTYtOGY4OC0zNDM2M2JjN2M0YzAiOnsiY3JlYXRlIjo2MDAwMDAwMDAwMDAsInJlYWQiOjI0MDAwMDAwMDAwMCwidXBkYXRlIjoyNDAwMDAwMDAwMDB9LCJzY2hlbWFfdmVyc2lvbiI6IjMifQ=="
        }
      ]
    },
    {
      "module": "module.terraform_service_account_activate",
      "mode": "managed",
      "type": "google_service_account",
      "name": "terraform_sa",
      "provider": "provider[\"registry.terraform.io/hashicorp/google\"]",
      "instances": [
        {
          "schema_version": 0,
          "attributes": {
            "account_id": "terraform-admin-sa",
            "create_ignore_already_exists": null,
            "description": "",
            "disabled": false,
            "display_name": "Terraform Admin Service Account",
            "email": "terraform-admin-sa@lumley-analytics.iam.gserviceaccount.com",
            "id": "projects/lumley-analytics/serviceAccounts/terraform-admin-sa@lumley-analytics.iam.gserviceaccount.com",
            "member": "serviceAccount:terraform-admin-sa@lumley-analytics.iam.gserviceaccount.com",
            "name": "projects/lumley-analytics/serviceAccounts/terraform-admin-sa@lumley-analytics.iam.gserviceaccount.com",
            "project": "lumley-analytics",
            "timeouts": null,
            "unique_id": "113003689828247016490"
          },
          "sensitive_attributes": [],
          "private": "eyJlMmJmYjczMC1lY2FhLTExZTYtOGY4OC0zNDM2M2JjN2M0YzAiOnsiY3JlYXRlIjozMDAwMDAwMDAwMDB9fQ=="
        }
      ]
    },
    {
      "module": "module.terraform_service_account_activate",
      "mode": "managed",
      "type": "google_service_account_key",
      "name": "terraform_sa_key",
      "provider": "provider[\"registry.terraform.io/hashicorp/google\"]",
      "instances": [
        {
          "schema_version": 0,
          "attributes": {
            "id": "projects/lumley-analytics/serviceAccounts/terraform-admin-sa@lumley-analytics.iam.gserviceaccount.com/keys/6d04de9b9183c8745d77f30ecc2082659c2b5786",
            "keepers": null,
            "key_algorithm": "KEY_ALG_RSA_2048",
            "name": "projects/lumley-analytics/serviceAccounts/terraform-admin-sa@lumley-analytics.iam.gserviceaccount.com/keys/6d04de9b9183c8745d77f30ecc2082659c2b5786",
            "private_key": "ewogICJ0eXBlIjogInNlcnZpY2VfYWNjb3VudCIsCiAgInByb2plY3RfaWQiOiAibHVtbGV5LWFuYWx5dGljcyIsCiAgInByaXZhdGVfa2V5X2lkIjogIjZkMDRkZTliOTE4M2M4NzQ1ZDc3ZjMwZWNjMjA4MjY1OWMyYjU3ODYiLAogICJwcml2YXRlX2tleSI6ICItLS0tLUJFR0lOIFBSSVZBVEUgS0VZLS0tLS1cbk1JSUV2Z0lCQURBTkJna3Foa2lHOXcwQkFRRUZBQVNDQktnd2dnU2tBZ0VBQW9JQkFRRFc4aGcrazBPdE1sbnpcbkFMRkFMd0dJTkY5aXRUV2p1OVpyWnBrSkdjSnQwdUZCZjVqckNYK29LbnJ0cnI3Y1IwL1NJZnRLdmh2TFZlRFFcblBnV1BaeWtFSE85a3d6ODhDUmsyc3dZY3FtTHNPVmNyQy8xQmNhYXhSYzJ0VFB5cDRlV3h2czVGckxJTTh3VEhcbkxxYjVvaEtVUGZZL2hENmRzSU4vKy81czVjVFZSNlNEYTJ6b01QaWdCT2RjK1FpcTk1eENreTJyUWtIcklIK3NcbmN1bXZlMXJDRE1CdDVBOUI4L3djdHRaSFhVK0FkQ3NmbWxzRk01NGFWTTVHb1NRYVdGdTlxbllhbWJoNkR6a2JcbjNTdUh5Q2s0dE1RT24ra3paTStFdlZBZC9wdjJWRHRqYlM0OFAxSHhGc2VMLzdSS1ZRMnVnUnZwc3JUNFc1WjJcbnFNNUpDZW90QWdNQkFBRUNnZ0VBQU9IYmdaNC9IOTNlQ3FaTkUvTmRjVDZ0eVl6dTNHNHY4aDdvcitYZ0syMDdcbktYYXBuUVZiOWNlKzIyemxNYWhGUnBxSEdvWnZQTVZzZDg1WlhYNVI1OGRxb0NKQkJ6RU9YbkFiclZCeHVZQitcbndCbDdmNkpFeWVOOGRhS2tRdG8vaEJ4QlluM1QrVU9pR0dNem9rQ3RETmk0UXdoNjdWREZLV2hTWWdZTGFjaXdcbmtkTGl6SFdWSlhCV2JtME9Nam5vQjNXaXlTQ1ZXUGFEd21sM0M2bERXTkxISWtja2p6ZGpZVDlhQk1PNjc3Q3NcbjNiSHZZUFI3VHNkTlN1QXNwRzAxcFp3dXRJeEFOSWVFVC8vSGNpOVUzQUFsY3NjSGRza3ZIK3FiZlpxbFpwQ3hcbklZZmI2MWJpZEpyV3dIUlI1bVY2ZjI4SnFHY3lLNm02c3FFWkx6WEVUUUtCZ1FEejdxWFJTOVovVzR4TnpXZC9cbmpNOFZUY3ZkUVZrOXBvTVJaSHQvSDFSR2N1bkJSa0svazRXZ29JckZJKzBTNlN1bkRURDJlMVY5ckJZc294QWJcbm1wODRmWDdmUmVVMGlYa1NWOHJjUU9ORklwR0hkcmJSeWZHVm44K1lsQkEvNTZOSXdxT04xK0lKMzhpK09oUnJcbnVlN0NGekVFMWhwT0t3Z1A3TWd5V0pJQWl3S0JnUURobEZhZkZzR2hONk9NZGx5Wit0bExtckE5bXd2RzEwM0JcbkpYNGVUeVVyRVNpL1Z2TlBWdTFRYVdUcUFsNXdpRzBhRlhTK0diUUF4eDhvbTRKRDRlTHcrOC90c0pWWVh6Ni9cbmZvTWlsU1NjWlI4QXRlamNsWS9jaU44TjhKVGwyVTgyNzhreXdzUkI1RXZMTHFPU0hPTVFxNzF5QklIM2x5MGRcbmcyamdLcEVmSndLQmdRQ1duZHFBK3dTOHFyaGRLZUVvSHJlVy9leE05NWEwdkdYZGpWKzd4SXB5M1cxOFMzZlhcbmRxMWgydjhVYnZScFl0UHpWKy9Ob2FYTjdUM2IzZXVLUDlUa09vam1ML0F3bWxuSmU2L2tnNlJSQWVFOTlZMDRcbnlDcUZLcUl5SWVwT3F5WmxQTmxrTWRKK0tsRjNNOEY4S3RoRHU3SW12RlNOdzRBODVRVlFJT1ExdFFLQmdRQ29cbldIalFuejMvMzdMNVozZXlIa2UrS1lJdlo1OUJWSHFka3lwczJpbmwyeGRxdkN3MllLd1lYNTlGR0dGOFlBUHpcbi9HRTBZYUE1R0dGRGY5S1djR1JaN2NMK0l0TkJzVXIxeENkL1RvaVZBczVCVElDczVoMEh1MG1qY0pEZWUrK25cbkV3bzNESzFFYzJpeENHeGY1Wmo3WHYreHNIV0IzZHQ0ZEJKM2dLenU3d0tCZ0VmV1FPa1RDNWo1ZkJERStuMnFcbnpyUjJHZFEzUld3ZlZvdnczU1IwcFJpSnBCWjAwZXZGNDRIclZVcUxPNG5YdWExb0dqN1QrZDlUVkZoM2FCT0xcblJnT2dsalRwczRibFNEQ2V3OUJXaXJRM1hra0NiR1lSYjRDcCtEd2VmWVNhekxmOWJoRnlodlRESlR5NnhGeDBcbmhPRjQwZFpET1diblBVOEg2NVNBSlRjVVxuLS0tLS1FTkQgUFJJVkFURSBLRVktLS0tLVxuIiwKICAiY2xpZW50X2VtYWlsIjogInRlcnJhZm9ybS1hZG1pbi1zYUBsdW1sZXktYW5hbHl0aWNzLmlhbS5nc2VydmljZWFjY291bnQuY29tIiwKICAiY2xpZW50X2lkIjogIjExMzAwMzY4OTgyODI0NzAxNjQ5MCIsCiAgImF1dGhfdXJpIjogImh0dHBzOi8vYWNjb3VudHMuZ29vZ2xlLmNvbS9vL29hdXRoMi9hdXRoIiwKICAidG9rZW5fdXJpIjogImh0dHBzOi8vb2F1dGgyLmdvb2dsZWFwaXMuY29tL3Rva2VuIiwKICAiYXV0aF9wcm92aWRlcl94NTA5X2NlcnRfdXJsIjogImh0dHBzOi8vd3d3Lmdvb2dsZWFwaXMuY29tL29hdXRoMi92MS9jZXJ0cyIsCiAgImNsaWVudF94NTA5X2NlcnRfdXJsIjogImh0dHBzOi8vd3d3Lmdvb2dsZWFwaXMuY29tL3JvYm90L3YxL21ldGFkYXRhL3g1MDkvdGVycmFmb3JtLWFkbWluLXNhJTQwbHVtbGV5LWFuYWx5dGljcy5pYW0uZ3NlcnZpY2VhY2NvdW50LmNvbSIsCiAgInVuaXZlcnNlX2RvbWFpbiI6ICJnb29nbGVhcGlzLmNvbSIKfQo=",
            "private_key_type": "TYPE_GOOGLE_CREDENTIALS_FILE",
            "public_key": "LS0tLS1CRUdJTiBDRVJUSUZJQ0FURS0tLS0tCk1JSUMvVENDQWVXZ0F3SUJBZ0lKQU1CRVloNzEwYnlQTUEwR0NTcUdTSWIzRFFFQkJRVUFNQ0F4SGpBY0JnTlYKQkFNTUZURXhNekF3TXpZNE9UZ3lPREkwTnpBeE5qUTVNREFnRncweU5ERXhNRFF4TnpNM01qTmFHQTg1T1RrNQpNVEl6TVRJek5UazFPVm93SURFZU1Cd0dBMVVFQXd3Vk1URXpNREF6TmpnNU9ESTRNalEzTURFMk5Ea3dNSUlCCklqQU5CZ2txaGtpRzl3MEJBUUVGQUFPQ0FROEFNSUlCQ2dLQ0FRRUExdklZUHBORHJUSlo4d0N4UUM4QmlEUmYKWXJVMW83dldhMmFaQ1JuQ2JkTGhRWCtZNndsL3FDcDY3YTYrM0VkUDBpSDdTcjRieTFYZzBENEZqMmNwQkJ6dgpaTU0vUEFrWk5yTUdIS3BpN0RsWEt3djlRWEdtc1VYTnJVejhxZUhsc2I3T1JheXlEUE1FeHk2bSthSVNsRDMyClA0UStuYkNEZi92K2JPWEUxVWVrZzJ0czZERDRvQVRuWFBrSXF2ZWNRcE10cTBKQjZ5Qi9ySExwcjN0YXdnekEKYmVRUFFmUDhITGJXUjExUGdIUXJINXBiQlRPZUdsVE9ScUVrR2xoYnZhcDJHcG00ZWc4NUc5MHJoOGdwT0xURQpEcC9wTTJUUGhMMVFIZjZiOWxRN1kyMHVQRDlSOFJiSGkvKzBTbFVOcm9FYjZiSzArRnVXZHFqT1NRbnFMUUlECkFRQUJvemd3TmpBTUJnTlZIUk1CQWY4RUFqQUFNQTRHQTFVZER3RUIvd1FFQXdJSGdEQVdCZ05WSFNVQkFmOEUKRERBS0JnZ3JCZ0VGQlFjREFqQU5CZ2txaGtpRzl3MEJBUVVGQUFPQ0FRRUFKLzdpRUhKRXdCcFM0eElJckpWZgpnTzcyNkluc3pZcURxL2dYdzBINXJsRkUyQ080RDRJdjZSSVJnSHAwYnI4ZVByZmdueXRoVXhycUtsVDg3dVBYClp2SkU0MG45Mm9ITGl5RTFkV29tMW9aNnZ3MEhzK1NzY1VyOTdPQWFMbTdXb2hEV25Hd2RXbC9KNWhaMVlEM0MKUXNsY0xldTlRU0lFUEZQVlY1VjhHV0tsdG44TFBHTEROMUxMbjg4QytZeEhFMkpSU3BmN285T3daWHgwM2laRQprUVF0MFZYOXFuZ2dodnREdDNlMHdqTEhITm5obFZzNGlIVzJzaWVDQy8vOFcxNENEME4yZUVDVXhoampBTUU4Cjc5eFpOVW1hNFdvV3N6clJWRDZPZ2R6UjNTdnk0OXB5V3RPcnlxRVIwT0FBVjZ2V0JKYUZ4T3AwZDdwN0FiaWQKbUE9PQotLS0tLUVORCBDRVJUSUZJQ0FURS0tLS0tCg==",
            "public_key_data": null,
            "public_key_type": "TYPE_X509_PEM_FILE",
            "service_account_id": "projects/lumley-analytics/serviceAccounts/terraform-admin-sa@lumley-analytics.iam.gserviceaccount.com",
            "valid_after": "2024-11-04T17:37:23Z",
            "valid_before": "9999-12-31T23:59:59Z"
          },
          "sensitive_attributes": [
            [
              {
                "type": "get_attr",
                "value": "private_key"
              }
            ]
          ],
          "private": "bnVsbA==",
          "dependencies": [
            "module.terraform_service_account_activate.google_service_account.terraform_sa"
          ]
        }
      ]
    }
  ],
  "check_results": null
}
